// !$*UTF8*$!
{
	archiveVersion = 1;
	classes = {
	};
	objectVersion = 56;
	objects = {

/* Begin PBXBuildFile section */
		634A6D792B5AF93000F178DB /* HeroTableViewCell.swift in Sources */ = {isa = PBXBuildFile; fileRef = 634A6D772B5AF93000F178DB /* HeroTableViewCell.swift */; };
		634A6D7B2B5AFA1C00F178DB /* HeroListTableViewController.swift in Sources */ = {isa = PBXBuildFile; fileRef = 634A6D7A2B5AFA1C00F178DB /* HeroListTableViewController.swift */; };
		634A6D7F2B5AFA3E00F178DB /* HeroTableViewCell.xib in Resources */ = {isa = PBXBuildFile; fileRef = 634A6D7D2B5AFA3E00F178DB /* HeroTableViewCell.xib */; };
		634A6D802B5AFA3E00F178DB /* HeroListTableViewController.xib in Resources */ = {isa = PBXBuildFile; fileRef = 634A6D7E2B5AFA3E00F178DB /* HeroListTableViewController.xib */; };
		634A6D882B5AFDB400F178DB /* TransformationListTableViewController.swift in Sources */ = {isa = PBXBuildFile; fileRef = 634A6D842B5AFAC600F178DB /* TransformationListTableViewController.swift */; };
		634A6D892B5AFDB700F178DB /* TransformationTableViewCell.swift in Sources */ = {isa = PBXBuildFile; fileRef = 634A6D832B5AFAC600F178DB /* TransformationTableViewCell.swift */; };
		634A6D8A2B5AFDBB00F178DB /* TransformationListTableViewController.xib in Resources */ = {isa = PBXBuildFile; fileRef = 634A6D862B5AFAC600F178DB /* TransformationListTableViewController.xib */; };
		634A6D8B2B5AFDBD00F178DB /* TransformationTableViewCell.xib in Resources */ = {isa = PBXBuildFile; fileRef = 634A6D872B5AFAC600F178DB /* TransformationTableViewCell.xib */; };
		638A217F2B347C040027B719 /* AppDelegate.swift in Sources */ = {isa = PBXBuildFile; fileRef = 638A217E2B347C040027B719 /* AppDelegate.swift */; };
		638A21812B347C040027B719 /* SceneDelegate.swift in Sources */ = {isa = PBXBuildFile; fileRef = 638A21802B347C040027B719 /* SceneDelegate.swift */; };
		638A21882B347C090027B719 /* Assets.xcassets in Resources */ = {isa = PBXBuildFile; fileRef = 638A21872B347C090027B719 /* Assets.xcassets */; };
		638A218B2B347C090027B719 /* LaunchScreen.storyboard in Resources */ = {isa = PBXBuildFile; fileRef = 638A21892B347C090027B719 /* LaunchScreen.storyboard */; };
		638A21962B347C0A0027B719 /* KCDragonBallTests.swift in Sources */ = {isa = PBXBuildFile; fileRef = 638A21952B347C0A0027B719 /* KCDragonBallTests.swift */; };
		638A21A02B347C0A0027B719 /* KCDragonBallUITests.swift in Sources */ = {isa = PBXBuildFile; fileRef = 638A219F2B347C0A0027B719 /* KCDragonBallUITests.swift */; };
		638A21A22B347C0A0027B719 /* KCDragonBallUITestsLaunchTests.swift in Sources */ = {isa = PBXBuildFile; fileRef = 638A21A12B347C0A0027B719 /* KCDragonBallUITestsLaunchTests.swift */; };
		638A21B02B347DC20027B719 /* LoginViewController.swift in Sources */ = {isa = PBXBuildFile; fileRef = 638A21AE2B347DC20027B719 /* LoginViewController.swift */; };
		638A21B12B347DC20027B719 /* LoginViewController.xib in Resources */ = {isa = PBXBuildFile; fileRef = 638A21AF2B347DC20027B719 /* LoginViewController.xib */; };
		63CA27092B5D262A00417DE0 /* String+Utils.swift in Sources */ = {isa = PBXBuildFile; fileRef = 63CA27082B5D262A00417DE0 /* String+Utils.swift */; };
		63CFD29B2B5DADA100DE5B80 /* DragonBallHeroTests.swift in Sources */ = {isa = PBXBuildFile; fileRef = 63CFD29A2B5DADA100DE5B80 /* DragonBallHeroTests.swift */; };
		63CFD29D2B5DB1D900DE5B80 /* String+UtilsTests.swift in Sources */ = {isa = PBXBuildFile; fileRef = 63CFD29C2B5DB1D900DE5B80 /* String+UtilsTests.swift */; };
		63D1EE4D2B5AA23A001BE8D2 /* HeroDetailViewController.swift in Sources */ = {isa = PBXBuildFile; fileRef = 63D1EE4B2B5AA23A001BE8D2 /* HeroDetailViewController.swift */; };
		63D1EE4E2B5AA23A001BE8D2 /* HeroDetailViewController.xib in Resources */ = {isa = PBXBuildFile; fileRef = 63D1EE4C2B5AA23A001BE8D2 /* HeroDetailViewController.xib */; };
		63D445E32B4F118400A3ABD4 /* LocalDataModel.swift in Sources */ = {isa = PBXBuildFile; fileRef = 63D445E22B4F118400A3ABD4 /* LocalDataModel.swift */; };
		63D445E52B504F9100A3ABD4 /* DragonBallHero.swift in Sources */ = {isa = PBXBuildFile; fileRef = 63D445E42B504F9100A3ABD4 /* DragonBallHero.swift */; };
		63D445E72B50500B00A3ABD4 /* HeroTransformation.swift in Sources */ = {isa = PBXBuildFile; fileRef = 63D445E62B50500B00A3ABD4 /* HeroTransformation.swift */; };
		63D445E92B505FC500A3ABD4 /* NetworkModelTests.swift in Sources */ = {isa = PBXBuildFile; fileRef = 63D445E82B505FC500A3ABD4 /* NetworkModelTests.swift */; };
		63D445EC2B50614200A3ABD4 /* MockURLProtocol.swift in Sources */ = {isa = PBXBuildFile; fileRef = 63D445EB2B50614200A3ABD4 /* MockURLProtocol.swift */; };
		63D484F22B5BDF7D00CFEF06 /* TransformationDetailViewController.swift in Sources */ = {isa = PBXBuildFile; fileRef = 63D484F02B5BDF7D00CFEF06 /* TransformationDetailViewController.swift */; };
		63D484F32B5BDF7D00CFEF06 /* TransformationDetailViewController.xib in Resources */ = {isa = PBXBuildFile; fileRef = 63D484F12B5BDF7D00CFEF06 /* TransformationDetailViewController.xib */; };
		63DA8D422B4D6C8800D7EADF /* APIClient.swift in Sources */ = {isa = PBXBuildFile; fileRef = 63DA8D412B4D6C8800D7EADF /* APIClient.swift */; };
		63DA8D442B4D71B400D7EADF /* NetworkModel.swift in Sources */ = {isa = PBXBuildFile; fileRef = 63DA8D432B4D71B400D7EADF /* NetworkModel.swift */; };
		63F43C832B59A02D003BA770 /* UImageView+Remote.swift in Sources */ = {isa = PBXBuildFile; fileRef = 63F43C822B59A02D003BA770 /* UImageView+Remote.swift */; };
/* End PBXBuildFile section */

/* Begin PBXContainerItemProxy section */
		638A21922B347C0A0027B719 /* PBXContainerItemProxy */ = {
			isa = PBXContainerItemProxy;
			containerPortal = 638A21732B347C040027B719 /* Project object */;
			proxyType = 1;
			remoteGlobalIDString = 638A217A2B347C040027B719;
			remoteInfo = KCDragonBall;
		};
		638A219C2B347C0A0027B719 /* PBXContainerItemProxy */ = {
			isa = PBXContainerItemProxy;
			containerPortal = 638A21732B347C040027B719 /* Project object */;
			proxyType = 1;
			remoteGlobalIDString = 638A217A2B347C040027B719;
			remoteInfo = KCDragonBall;
		};
/* End PBXContainerItemProxy section */

/* Begin PBXFileReference section */
		634A6D772B5AF93000F178DB /* HeroTableViewCell.swift */ = {isa = PBXFileReference; fileEncoding = 4; lastKnownFileType = sourcecode.swift; path = HeroTableViewCell.swift; sourceTree = "<group>"; };
		634A6D7A2B5AFA1C00F178DB /* HeroListTableViewController.swift */ = {isa = PBXFileReference; fileEncoding = 4; lastKnownFileType = sourcecode.swift; path = HeroListTableViewController.swift; sourceTree = "<group>"; };
		634A6D7D2B5AFA3E00F178DB /* HeroTableViewCell.xib */ = {isa = PBXFileReference; fileEncoding = 4; lastKnownFileType = file.xib; path = HeroTableViewCell.xib; sourceTree = "<group>"; };
		634A6D7E2B5AFA3E00F178DB /* HeroListTableViewController.xib */ = {isa = PBXFileReference; fileEncoding = 4; lastKnownFileType = file.xib; path = HeroListTableViewController.xib; sourceTree = "<group>"; };
		634A6D832B5AFAC600F178DB /* TransformationTableViewCell.swift */ = {isa = PBXFileReference; lastKnownFileType = sourcecode.swift; path = TransformationTableViewCell.swift; sourceTree = "<group>"; };
		634A6D842B5AFAC600F178DB /* TransformationListTableViewController.swift */ = {isa = PBXFileReference; lastKnownFileType = sourcecode.swift; path = TransformationListTableViewController.swift; sourceTree = "<group>"; };
		634A6D862B5AFAC600F178DB /* TransformationListTableViewController.xib */ = {isa = PBXFileReference; lastKnownFileType = file.xib; path = TransformationListTableViewController.xib; sourceTree = "<group>"; };
		634A6D872B5AFAC600F178DB /* TransformationTableViewCell.xib */ = {isa = PBXFileReference; lastKnownFileType = file.xib; path = TransformationTableViewCell.xib; sourceTree = "<group>"; };
		638A217B2B347C040027B719 /* KCDragonBall.app */ = {isa = PBXFileReference; explicitFileType = wrapper.application; includeInIndex = 0; path = KCDragonBall.app; sourceTree = BUILT_PRODUCTS_DIR; };
		638A217E2B347C040027B719 /* AppDelegate.swift */ = {isa = PBXFileReference; lastKnownFileType = sourcecode.swift; path = AppDelegate.swift; sourceTree = "<group>"; };
		638A21802B347C040027B719 /* SceneDelegate.swift */ = {isa = PBXFileReference; lastKnownFileType = sourcecode.swift; path = SceneDelegate.swift; sourceTree = "<group>"; };
		638A21872B347C090027B719 /* Assets.xcassets */ = {isa = PBXFileReference; lastKnownFileType = folder.assetcatalog; path = Assets.xcassets; sourceTree = "<group>"; };
		638A218A2B347C090027B719 /* Base */ = {isa = PBXFileReference; lastKnownFileType = file.storyboard; name = Base; path = Base.lproj/LaunchScreen.storyboard; sourceTree = "<group>"; };
		638A218C2B347C090027B719 /* Info.plist */ = {isa = PBXFileReference; lastKnownFileType = text.plist.xml; path = Info.plist; sourceTree = "<group>"; };
		638A21912B347C0A0027B719 /* KCDragonBallTests.xctest */ = {isa = PBXFileReference; explicitFileType = wrapper.cfbundle; includeInIndex = 0; path = KCDragonBallTests.xctest; sourceTree = BUILT_PRODUCTS_DIR; };
		638A21952B347C0A0027B719 /* KCDragonBallTests.swift */ = {isa = PBXFileReference; lastKnownFileType = sourcecode.swift; path = KCDragonBallTests.swift; sourceTree = "<group>"; };
		638A219B2B347C0A0027B719 /* KCDragonBallUITests.xctest */ = {isa = PBXFileReference; explicitFileType = wrapper.cfbundle; includeInIndex = 0; path = KCDragonBallUITests.xctest; sourceTree = BUILT_PRODUCTS_DIR; };
		638A219F2B347C0A0027B719 /* KCDragonBallUITests.swift */ = {isa = PBXFileReference; lastKnownFileType = sourcecode.swift; path = KCDragonBallUITests.swift; sourceTree = "<group>"; };
		638A21A12B347C0A0027B719 /* KCDragonBallUITestsLaunchTests.swift */ = {isa = PBXFileReference; lastKnownFileType = sourcecode.swift; path = KCDragonBallUITestsLaunchTests.swift; sourceTree = "<group>"; };
		638A21AE2B347DC20027B719 /* LoginViewController.swift */ = {isa = PBXFileReference; lastKnownFileType = sourcecode.swift; path = LoginViewController.swift; sourceTree = "<group>"; };
		638A21AF2B347DC20027B719 /* LoginViewController.xib */ = {isa = PBXFileReference; lastKnownFileType = file.xib; path = LoginViewController.xib; sourceTree = "<group>"; };
		63CA27082B5D262A00417DE0 /* String+Utils.swift */ = {isa = PBXFileReference; lastKnownFileType = sourcecode.swift; path = "String+Utils.swift"; sourceTree = "<group>"; };
		63CFD29A2B5DADA100DE5B80 /* DragonBallHeroTests.swift */ = {isa = PBXFileReference; lastKnownFileType = sourcecode.swift; path = DragonBallHeroTests.swift; sourceTree = "<group>"; };
		63CFD29C2B5DB1D900DE5B80 /* String+UtilsTests.swift */ = {isa = PBXFileReference; lastKnownFileType = sourcecode.swift; path = "String+UtilsTests.swift"; sourceTree = "<group>"; };
		63D1EE4B2B5AA23A001BE8D2 /* HeroDetailViewController.swift */ = {isa = PBXFileReference; lastKnownFileType = sourcecode.swift; path = HeroDetailViewController.swift; sourceTree = "<group>"; };
		63D1EE4C2B5AA23A001BE8D2 /* HeroDetailViewController.xib */ = {isa = PBXFileReference; lastKnownFileType = file.xib; path = HeroDetailViewController.xib; sourceTree = "<group>"; };
		63D445E22B4F118400A3ABD4 /* LocalDataModel.swift */ = {isa = PBXFileReference; lastKnownFileType = sourcecode.swift; path = LocalDataModel.swift; sourceTree = "<group>"; };
		63D445E42B504F9100A3ABD4 /* DragonBallHero.swift */ = {isa = PBXFileReference; lastKnownFileType = sourcecode.swift; path = DragonBallHero.swift; sourceTree = "<group>"; };
		63D445E62B50500B00A3ABD4 /* HeroTransformation.swift */ = {isa = PBXFileReference; lastKnownFileType = sourcecode.swift; path = HeroTransformation.swift; sourceTree = "<group>"; };
		63D445E82B505FC500A3ABD4 /* NetworkModelTests.swift */ = {isa = PBXFileReference; lastKnownFileType = sourcecode.swift; path = NetworkModelTests.swift; sourceTree = "<group>"; };
		63D445EB2B50614200A3ABD4 /* MockURLProtocol.swift */ = {isa = PBXFileReference; lastKnownFileType = sourcecode.swift; path = MockURLProtocol.swift; sourceTree = "<group>"; };
		63D484F02B5BDF7D00CFEF06 /* TransformationDetailViewController.swift */ = {isa = PBXFileReference; lastKnownFileType = sourcecode.swift; path = TransformationDetailViewController.swift; sourceTree = "<group>"; };
		63D484F12B5BDF7D00CFEF06 /* TransformationDetailViewController.xib */ = {isa = PBXFileReference; lastKnownFileType = file.xib; path = TransformationDetailViewController.xib; sourceTree = "<group>"; };
		63DA8D412B4D6C8800D7EADF /* APIClient.swift */ = {isa = PBXFileReference; lastKnownFileType = sourcecode.swift; path = APIClient.swift; sourceTree = "<group>"; };
		63DA8D432B4D71B400D7EADF /* NetworkModel.swift */ = {isa = PBXFileReference; lastKnownFileType = sourcecode.swift; path = NetworkModel.swift; sourceTree = "<group>"; };
		63F43C822B59A02D003BA770 /* UImageView+Remote.swift */ = {isa = PBXFileReference; lastKnownFileType = sourcecode.swift; path = "UImageView+Remote.swift"; sourceTree = "<group>"; };
/* End PBXFileReference section */

/* Begin PBXFrameworksBuildPhase section */
		638A21782B347C040027B719 /* Frameworks */ = {
			isa = PBXFrameworksBuildPhase;
			buildActionMask = 2147483647;
			files = (
			);
			runOnlyForDeploymentPostprocessing = 0;
		};
		638A218E2B347C0A0027B719 /* Frameworks */ = {
			isa = PBXFrameworksBuildPhase;
			buildActionMask = 2147483647;
			files = (
			);
			runOnlyForDeploymentPostprocessing = 0;
		};
		638A21982B347C0A0027B719 /* Frameworks */ = {
			isa = PBXFrameworksBuildPhase;
			buildActionMask = 2147483647;
			files = (
			);
			runOnlyForDeploymentPostprocessing = 0;
		};
/* End PBXFrameworksBuildPhase section */

/* Begin PBXGroup section */
		634A6D7C2B5AFA3E00F178DB /* View */ = {
			isa = PBXGroup;
			children = (
				634A6D7D2B5AFA3E00F178DB /* HeroTableViewCell.xib */,
				634A6D7E2B5AFA3E00F178DB /* HeroListTableViewController.xib */,
			);
			path = View;
			sourceTree = "<group>";
		};
		634A6D812B5AFA9A00F178DB /* TransformationList */ = {
			isa = PBXGroup;
			children = (
				634A6D822B5AFAC600F178DB /* Controller */,
				634A6D852B5AFAC600F178DB /* View */,
			);
			path = TransformationList;
			sourceTree = "<group>";
		};
		634A6D822B5AFAC600F178DB /* Controller */ = {
			isa = PBXGroup;
			children = (
				634A6D842B5AFAC600F178DB /* TransformationListTableViewController.swift */,
				634A6D832B5AFAC600F178DB /* TransformationTableViewCell.swift */,
			);
			path = Controller;
			sourceTree = "<group>";
		};
		634A6D852B5AFAC600F178DB /* View */ = {
			isa = PBXGroup;
			children = (
				634A6D862B5AFAC600F178DB /* TransformationListTableViewController.xib */,
				634A6D872B5AFAC600F178DB /* TransformationTableViewCell.xib */,
			);
			path = View;
			sourceTree = "<group>";
		};
		638A21722B347C040027B719 = {
			isa = PBXGroup;
			children = (
				638A217D2B347C040027B719 /* KCDragonBall */,
				638A21942B347C0A0027B719 /* KCDragonBallTests */,
				638A219E2B347C0A0027B719 /* KCDragonBallUITests */,
				638A217C2B347C040027B719 /* Products */,
			);
			sourceTree = "<group>";
		};
		638A217C2B347C040027B719 /* Products */ = {
			isa = PBXGroup;
			children = (
				638A217B2B347C040027B719 /* KCDragonBall.app */,
				638A21912B347C0A0027B719 /* KCDragonBallTests.xctest */,
				638A219B2B347C0A0027B719 /* KCDragonBallUITests.xctest */,
			);
			name = Products;
			sourceTree = "<group>";
		};
		638A217D2B347C040027B719 /* KCDragonBall */ = {
			isa = PBXGroup;
			children = (
				63F43C812B59A009003BA770 /* Extensions */,
				63D445DE2B4F10D500A3ABD4 /* Models */,
				63D445DF2B4F111800A3ABD4 /* Login */,
				63CC17422B55AB9B00F1606E /* HeroList */,
				63D1EE4A2B5AA20A001BE8D2 /* HeroDetail */,
				634A6D812B5AFA9A00F178DB /* TransformationList */,
				63D484ED2B5BDF1900CFEF06 /* TransformationDetail */,
				638A217E2B347C040027B719 /* AppDelegate.swift */,
				638A21802B347C040027B719 /* SceneDelegate.swift */,
				638A21872B347C090027B719 /* Assets.xcassets */,
				638A21892B347C090027B719 /* LaunchScreen.storyboard */,
				638A218C2B347C090027B719 /* Info.plist */,
			);
			path = KCDragonBall;
			sourceTree = "<group>";
		};
		638A21942B347C0A0027B719 /* KCDragonBallTests */ = {
			isa = PBXGroup;
			children = (
				63D445EA2B50612400A3ABD4 /* Helpers */,
				638A21952B347C0A0027B719 /* KCDragonBallTests.swift */,
				63D445E82B505FC500A3ABD4 /* NetworkModelTests.swift */,
				63CFD29A2B5DADA100DE5B80 /* DragonBallHeroTests.swift */,
				63CFD29C2B5DB1D900DE5B80 /* String+UtilsTests.swift */,
			);
			path = KCDragonBallTests;
			sourceTree = "<group>";
		};
		638A219E2B347C0A0027B719 /* KCDragonBallUITests */ = {
			isa = PBXGroup;
			children = (
				638A219F2B347C0A0027B719 /* KCDragonBallUITests.swift */,
				638A21A12B347C0A0027B719 /* KCDragonBallUITestsLaunchTests.swift */,
			);
			path = KCDragonBallUITests;
			sourceTree = "<group>";
		};
		63CC17422B55AB9B00F1606E /* HeroList */ = {
			isa = PBXGroup;
			children = (
				63EAFDE92B5AB51E00CD4238 /* Controller */,
				634A6D7C2B5AFA3E00F178DB /* View */,
			);
			path = HeroList;
			sourceTree = "<group>";
		};
		63D1EE4A2B5AA20A001BE8D2 /* HeroDetail */ = {
			isa = PBXGroup;
			children = (
				63D1EE4F2B5AA5E3001BE8D2 /* Controller */,
				63D1EE502B5AA5EE001BE8D2 /* View */,
			);
			path = HeroDetail;
			sourceTree = "<group>";
		};
		63D1EE4F2B5AA5E3001BE8D2 /* Controller */ = {
			isa = PBXGroup;
			children = (
				63D1EE4B2B5AA23A001BE8D2 /* HeroDetailViewController.swift */,
			);
			path = Controller;
			sourceTree = "<group>";
		};
		63D1EE502B5AA5EE001BE8D2 /* View */ = {
			isa = PBXGroup;
			children = (
				63D1EE4C2B5AA23A001BE8D2 /* HeroDetailViewController.xib */,
			);
			path = View;
			sourceTree = "<group>";
		};
		63D445DE2B4F10D500A3ABD4 /* Models */ = {
			isa = PBXGroup;
			children = (
				63DA8D412B4D6C8800D7EADF /* APIClient.swift */,
				63DA8D432B4D71B400D7EADF /* NetworkModel.swift */,
				63D445E42B504F9100A3ABD4 /* DragonBallHero.swift */,
				63D445E62B50500B00A3ABD4 /* HeroTransformation.swift */,
				63D445E22B4F118400A3ABD4 /* LocalDataModel.swift */,
			);
			path = Models;
			sourceTree = "<group>";
		};
		63D445DF2B4F111800A3ABD4 /* Login */ = {
			isa = PBXGroup;
			children = (
				63D445E12B4F113500A3ABD4 /* Controller */,
				63D445E02B4F112600A3ABD4 /* View */,
			);
			path = Login;
			sourceTree = "<group>";
		};
		63D445E02B4F112600A3ABD4 /* View */ = {
			isa = PBXGroup;
			children = (
				638A21AF2B347DC20027B719 /* LoginViewController.xib */,
			);
			path = View;
			sourceTree = "<group>";
		};
		63D445E12B4F113500A3ABD4 /* Controller */ = {
			isa = PBXGroup;
			children = (
				638A21AE2B347DC20027B719 /* LoginViewController.swift */,
			);
			path = Controller;
			sourceTree = "<group>";
		};
		63D445EA2B50612400A3ABD4 /* Helpers */ = {
			isa = PBXGroup;
			children = (
				63D445EB2B50614200A3ABD4 /* MockURLProtocol.swift */,
			);
			path = Helpers;
			sourceTree = "<group>";
		};
		63D484ED2B5BDF1900CFEF06 /* TransformationDetail */ = {
			isa = PBXGroup;
			children = (
				63D484EE2B5BDF2B00CFEF06 /* Controller */,
				63D484EF2B5BDF3300CFEF06 /* View */,
			);
			path = TransformationDetail;
			sourceTree = "<group>";
		};
		63D484EE2B5BDF2B00CFEF06 /* Controller */ = {
			isa = PBXGroup;
			children = (
				63D484F02B5BDF7D00CFEF06 /* TransformationDetailViewController.swift */,
			);
			path = Controller;
			sourceTree = "<group>";
		};
		63D484EF2B5BDF3300CFEF06 /* View */ = {
			isa = PBXGroup;
			children = (
				63D484F12B5BDF7D00CFEF06 /* TransformationDetailViewController.xib */,
			);
			path = View;
			sourceTree = "<group>";
		};
		63EAFDE92B5AB51E00CD4238 /* Controller */ = {
			isa = PBXGroup;
			children = (
				634A6D7A2B5AFA1C00F178DB /* HeroListTableViewController.swift */,
				634A6D772B5AF93000F178DB /* HeroTableViewCell.swift */,
			);
			path = Controller;
			sourceTree = "<group>";
		};
		63F43C812B59A009003BA770 /* Extensions */ = {
			isa = PBXGroup;
			children = (
				63F43C822B59A02D003BA770 /* UImageView+Remote.swift */,
				63CA27082B5D262A00417DE0 /* String+Utils.swift */,
			);
			path = Extensions;
			sourceTree = "<group>";
		};
/* End PBXGroup section */

/* Begin PBXNativeTarget section */
		638A217A2B347C040027B719 /* KCDragonBall */ = {
			isa = PBXNativeTarget;
			buildConfigurationList = 638A21A52B347C0A0027B719 /* Build configuration list for PBXNativeTarget "KCDragonBall" */;
			buildPhases = (
				638A21772B347C040027B719 /* Sources */,
				638A21782B347C040027B719 /* Frameworks */,
				638A21792B347C040027B719 /* Resources */,
				63F43C7A2B5943D8003BA770 /* Swiftlint */,
			);
			buildRules = (
			);
			dependencies = (
			);
			name = KCDragonBall;
			productName = KCDragonBall;
			productReference = 638A217B2B347C040027B719 /* KCDragonBall.app */;
			productType = "com.apple.product-type.application";
		};
		638A21902B347C0A0027B719 /* KCDragonBallTests */ = {
			isa = PBXNativeTarget;
			buildConfigurationList = 638A21A82B347C0A0027B719 /* Build configuration list for PBXNativeTarget "KCDragonBallTests" */;
			buildPhases = (
				638A218D2B347C0A0027B719 /* Sources */,
				638A218E2B347C0A0027B719 /* Frameworks */,
				638A218F2B347C0A0027B719 /* Resources */,
			);
			buildRules = (
			);
			dependencies = (
				638A21932B347C0A0027B719 /* PBXTargetDependency */,
			);
			name = KCDragonBallTests;
			productName = KCDragonBallTests;
			productReference = 638A21912B347C0A0027B719 /* KCDragonBallTests.xctest */;
			productType = "com.apple.product-type.bundle.unit-test";
		};
		638A219A2B347C0A0027B719 /* KCDragonBallUITests */ = {
			isa = PBXNativeTarget;
			buildConfigurationList = 638A21AB2B347C0A0027B719 /* Build configuration list for PBXNativeTarget "KCDragonBallUITests" */;
			buildPhases = (
				638A21972B347C0A0027B719 /* Sources */,
				638A21982B347C0A0027B719 /* Frameworks */,
				638A21992B347C0A0027B719 /* Resources */,
			);
			buildRules = (
			);
			dependencies = (
				638A219D2B347C0A0027B719 /* PBXTargetDependency */,
			);
			name = KCDragonBallUITests;
			productName = KCDragonBallUITests;
			productReference = 638A219B2B347C0A0027B719 /* KCDragonBallUITests.xctest */;
			productType = "com.apple.product-type.bundle.ui-testing";
		};
/* End PBXNativeTarget section */

/* Begin PBXProject section */
		638A21732B347C040027B719 /* Project object */ = {
			isa = PBXProject;
			attributes = {
				BuildIndependentTargetsInParallel = 1;
				LastSwiftUpdateCheck = 1510;
				LastUpgradeCheck = 1510;
				TargetAttributes = {
					638A217A2B347C040027B719 = {
						CreatedOnToolsVersion = 15.1;
					};
					638A21902B347C0A0027B719 = {
						CreatedOnToolsVersion = 15.1;
						TestTargetID = 638A217A2B347C040027B719;
					};
					638A219A2B347C0A0027B719 = {
						CreatedOnToolsVersion = 15.1;
						TestTargetID = 638A217A2B347C040027B719;
					};
				};
			};
			buildConfigurationList = 638A21762B347C040027B719 /* Build configuration list for PBXProject "KCDragonBall" */;
			compatibilityVersion = "Xcode 14.0";
			developmentRegion = en;
			hasScannedForEncodings = 0;
			knownRegions = (
				en,
				Base,
			);
			mainGroup = 638A21722B347C040027B719;
			productRefGroup = 638A217C2B347C040027B719 /* Products */;
			projectDirPath = "";
			projectRoot = "";
			targets = (
				638A217A2B347C040027B719 /* KCDragonBall */,
				638A21902B347C0A0027B719 /* KCDragonBallTests */,
				638A219A2B347C0A0027B719 /* KCDragonBallUITests */,
			);
		};
/* End PBXProject section */

/* Begin PBXResourcesBuildPhase section */
		638A21792B347C040027B719 /* Resources */ = {
			isa = PBXResourcesBuildPhase;
			buildActionMask = 2147483647;
			files = (
				638A218B2B347C090027B719 /* LaunchScreen.storyboard in Resources */,
				63D484F32B5BDF7D00CFEF06 /* TransformationDetailViewController.xib in Resources */,
				634A6D802B5AFA3E00F178DB /* HeroListTableViewController.xib in Resources */,
				634A6D8B2B5AFDBD00F178DB /* TransformationTableViewCell.xib in Resources */,
				638A21882B347C090027B719 /* Assets.xcassets in Resources */,
				63D1EE4E2B5AA23A001BE8D2 /* HeroDetailViewController.xib in Resources */,
				634A6D7F2B5AFA3E00F178DB /* HeroTableViewCell.xib in Resources */,
				634A6D8A2B5AFDBB00F178DB /* TransformationListTableViewController.xib in Resources */,
				638A21B12B347DC20027B719 /* LoginViewController.xib in Resources */,
			);
			runOnlyForDeploymentPostprocessing = 0;
		};
		638A218F2B347C0A0027B719 /* Resources */ = {
			isa = PBXResourcesBuildPhase;
			buildActionMask = 2147483647;
			files = (
			);
			runOnlyForDeploymentPostprocessing = 0;
		};
		638A21992B347C0A0027B719 /* Resources */ = {
			isa = PBXResourcesBuildPhase;
			buildActionMask = 2147483647;
			files = (
			);
			runOnlyForDeploymentPostprocessing = 0;
		};
/* End PBXResourcesBuildPhase section */

/* Begin PBXShellScriptBuildPhase section */
		63F43C7A2B5943D8003BA770 /* Swiftlint */ = {
			isa = PBXShellScriptBuildPhase;
			alwaysOutOfDate = 1;
			buildActionMask = 2147483647;
			files = (
			);
			inputFileListPaths = (
			);
			inputPaths = (
			);
			name = Swiftlint;
			outputFileListPaths = (
			);
			outputPaths = (
			);
			runOnlyForDeploymentPostprocessing = 0;
			shellPath = /bin/sh;
			shellScript = "# Type a script or drag a script file from your workspace to insert its path.\n\nif which swiftlint > /dev/null; then\n  swiftlint\nelse\n  echo \"warning: SwiftLint not installed, download from https://github.com/realm/SwiftLint\"\nfi\n";
		};
/* End PBXShellScriptBuildPhase section */

/* Begin PBXSourcesBuildPhase section */
		638A21772B347C040027B719 /* Sources */ = {
			isa = PBXSourcesBuildPhase;
			buildActionMask = 2147483647;
			files = (
				63CA27092B5D262A00417DE0 /* String+Utils.swift in Sources */,
				634A6D792B5AF93000F178DB /* HeroTableViewCell.swift in Sources */,
				63D445E72B50500B00A3ABD4 /* HeroTransformation.swift in Sources */,
				63D484F22B5BDF7D00CFEF06 /* TransformationDetailViewController.swift in Sources */,
				63F43C832B59A02D003BA770 /* UImageView+Remote.swift in Sources */,
				634A6D7B2B5AFA1C00F178DB /* HeroListTableViewController.swift in Sources */,
				638A21B02B347DC20027B719 /* LoginViewController.swift in Sources */,
				63D445E52B504F9100A3ABD4 /* DragonBallHero.swift in Sources */,
				638A217F2B347C040027B719 /* AppDelegate.swift in Sources */,
				638A21812B347C040027B719 /* SceneDelegate.swift in Sources */,
				63DA8D442B4D71B400D7EADF /* NetworkModel.swift in Sources */,
				634A6D882B5AFDB400F178DB /* TransformationListTableViewController.swift in Sources */,
				634A6D892B5AFDB700F178DB /* TransformationTableViewCell.swift in Sources */,
				63DA8D422B4D6C8800D7EADF /* APIClient.swift in Sources */,
				63D1EE4D2B5AA23A001BE8D2 /* HeroDetailViewController.swift in Sources */,
				63D445E32B4F118400A3ABD4 /* LocalDataModel.swift in Sources */,
			);
			runOnlyForDeploymentPostprocessing = 0;
		};
		638A218D2B347C0A0027B719 /* Sources */ = {
			isa = PBXSourcesBuildPhase;
			buildActionMask = 2147483647;
			files = (
				63D445EC2B50614200A3ABD4 /* MockURLProtocol.swift in Sources */,
				63CFD29D2B5DB1D900DE5B80 /* String+UtilsTests.swift in Sources */,
				63D445E92B505FC500A3ABD4 /* NetworkModelTests.swift in Sources */,
				638A21962B347C0A0027B719 /* KCDragonBallTests.swift in Sources */,
				63CFD29B2B5DADA100DE5B80 /* DragonBallHeroTests.swift in Sources */,
			);
			runOnlyForDeploymentPostprocessing = 0;
		};
		638A21972B347C0A0027B719 /* Sources */ = {
			isa = PBXSourcesBuildPhase;
			buildActionMask = 2147483647;
			files = (
				638A21A22B347C0A0027B719 /* KCDragonBallUITestsLaunchTests.swift in Sources */,
				638A21A02B347C0A0027B719 /* KCDragonBallUITests.swift in Sources */,
			);
			runOnlyForDeploymentPostprocessing = 0;
		};
/* End PBXSourcesBuildPhase section */

/* Begin PBXTargetDependency section */
		638A21932B347C0A0027B719 /* PBXTargetDependency */ = {
			isa = PBXTargetDependency;
			target = 638A217A2B347C040027B719 /* KCDragonBall */;
			targetProxy = 638A21922B347C0A0027B719 /* PBXContainerItemProxy */;
		};
		638A219D2B347C0A0027B719 /* PBXTargetDependency */ = {
			isa = PBXTargetDependency;
			target = 638A217A2B347C040027B719 /* KCDragonBall */;
			targetProxy = 638A219C2B347C0A0027B719 /* PBXContainerItemProxy */;
		};
/* End PBXTargetDependency section */

/* Begin PBXVariantGroup section */
		638A21892B347C090027B719 /* LaunchScreen.storyboard */ = {
			isa = PBXVariantGroup;
			children = (
				638A218A2B347C090027B719 /* Base */,
			);
			name = LaunchScreen.storyboard;
			sourceTree = "<group>";
		};
/* End PBXVariantGroup section */

/* Begin XCBuildConfiguration section */
		638A21A32B347C0A0027B719 /* Debug */ = {
			isa = XCBuildConfiguration;
			buildSettings = {
				ALWAYS_SEARCH_USER_PATHS = NO;
				ASSETCATALOG_COMPILER_GENERATE_SWIFT_ASSET_SYMBOL_EXTENSIONS = YES;
				CLANG_ANALYZER_NONNULL = YES;
				CLANG_ANALYZER_NUMBER_OBJECT_CONVERSION = YES_AGGRESSIVE;
				CLANG_CXX_LANGUAGE_STANDARD = "gnu++20";
				CLANG_ENABLE_MODULES = YES;
				CLANG_ENABLE_OBJC_ARC = YES;
				CLANG_ENABLE_OBJC_WEAK = YES;
				CLANG_WARN_BLOCK_CAPTURE_AUTORELEASING = YES;
				CLANG_WARN_BOOL_CONVERSION = YES;
				CLANG_WARN_COMMA = YES;
				CLANG_WARN_CONSTANT_CONVERSION = YES;
				CLANG_WARN_DEPRECATED_OBJC_IMPLEMENTATIONS = YES;
				CLANG_WARN_DIRECT_OBJC_ISA_USAGE = YES_ERROR;
				CLANG_WARN_DOCUMENTATION_COMMENTS = YES;
				CLANG_WARN_EMPTY_BODY = YES;
				CLANG_WARN_ENUM_CONVERSION = YES;
				CLANG_WARN_INFINITE_RECURSION = YES;
				CLANG_WARN_INT_CONVERSION = YES;
				CLANG_WARN_NON_LITERAL_NULL_CONVERSION = YES;
				CLANG_WARN_OBJC_IMPLICIT_RETAIN_SELF = YES;
				CLANG_WARN_OBJC_LITERAL_CONVERSION = YES;
				CLANG_WARN_OBJC_ROOT_CLASS = YES_ERROR;
				CLANG_WARN_QUOTED_INCLUDE_IN_FRAMEWORK_HEADER = YES;
				CLANG_WARN_RANGE_LOOP_ANALYSIS = YES;
				CLANG_WARN_STRICT_PROTOTYPES = YES;
				CLANG_WARN_SUSPICIOUS_MOVE = YES;
				CLANG_WARN_UNGUARDED_AVAILABILITY = YES_AGGRESSIVE;
				CLANG_WARN_UNREACHABLE_CODE = YES;
				CLANG_WARN__DUPLICATE_METHOD_MATCH = YES;
				COPY_PHASE_STRIP = NO;
				DEBUG_INFORMATION_FORMAT = dwarf;
				ENABLE_STRICT_OBJC_MSGSEND = YES;
				ENABLE_TESTABILITY = YES;
				ENABLE_USER_SCRIPT_SANDBOXING = YES;
				GCC_C_LANGUAGE_STANDARD = gnu17;
				GCC_DYNAMIC_NO_PIC = NO;
				GCC_NO_COMMON_BLOCKS = YES;
				GCC_OPTIMIZATION_LEVEL = 0;
				GCC_PREPROCESSOR_DEFINITIONS = (
					"DEBUG=1",
					"$(inherited)",
				);
				GCC_WARN_64_TO_32_BIT_CONVERSION = YES;
				GCC_WARN_ABOUT_RETURN_TYPE = YES_ERROR;
				GCC_WARN_UNDECLARED_SELECTOR = YES;
				GCC_WARN_UNINITIALIZED_AUTOS = YES_AGGRESSIVE;
				GCC_WARN_UNUSED_FUNCTION = YES;
				GCC_WARN_UNUSED_VARIABLE = YES;
				IPHONEOS_DEPLOYMENT_TARGET = 17.2;
				LOCALIZATION_PREFERS_STRING_CATALOGS = YES;
				MTL_ENABLE_DEBUG_INFO = INCLUDE_SOURCE;
				MTL_FAST_MATH = YES;
				ONLY_ACTIVE_ARCH = YES;
				SDKROOT = iphoneos;
				SWIFT_ACTIVE_COMPILATION_CONDITIONS = "DEBUG $(inherited)";
				SWIFT_OPTIMIZATION_LEVEL = "-Onone";
			};
			name = Debug;
		};
		638A21A42B347C0A0027B719 /* Release */ = {
			isa = XCBuildConfiguration;
			buildSettings = {
				ALWAYS_SEARCH_USER_PATHS = NO;
				ASSETCATALOG_COMPILER_GENERATE_SWIFT_ASSET_SYMBOL_EXTENSIONS = YES;
				CLANG_ANALYZER_NONNULL = YES;
				CLANG_ANALYZER_NUMBER_OBJECT_CONVERSION = YES_AGGRESSIVE;
				CLANG_CXX_LANGUAGE_STANDARD = "gnu++20";
				CLANG_ENABLE_MODULES = YES;
				CLANG_ENABLE_OBJC_ARC = YES;
				CLANG_ENABLE_OBJC_WEAK = YES;
				CLANG_WARN_BLOCK_CAPTURE_AUTORELEASING = YES;
				CLANG_WARN_BOOL_CONVERSION = YES;
				CLANG_WARN_COMMA = YES;
				CLANG_WARN_CONSTANT_CONVERSION = YES;
				CLANG_WARN_DEPRECATED_OBJC_IMPLEMENTATIONS = YES;
				CLANG_WARN_DIRECT_OBJC_ISA_USAGE = YES_ERROR;
				CLANG_WARN_DOCUMENTATION_COMMENTS = YES;
				CLANG_WARN_EMPTY_BODY = YES;
				CLANG_WARN_ENUM_CONVERSION = YES;
				CLANG_WARN_INFINITE_RECURSION = YES;
				CLANG_WARN_INT_CONVERSION = YES;
				CLANG_WARN_NON_LITERAL_NULL_CONVERSION = YES;
				CLANG_WARN_OBJC_IMPLICIT_RETAIN_SELF = YES;
				CLANG_WARN_OBJC_LITERAL_CONVERSION = YES;
				CLANG_WARN_OBJC_ROOT_CLASS = YES_ERROR;
				CLANG_WARN_QUOTED_INCLUDE_IN_FRAMEWORK_HEADER = YES;
				CLANG_WARN_RANGE_LOOP_ANALYSIS = YES;
				CLANG_WARN_STRICT_PROTOTYPES = YES;
				CLANG_WARN_SUSPICIOUS_MOVE = YES;
				CLANG_WARN_UNGUARDED_AVAILABILITY = YES_AGGRESSIVE;
				CLANG_WARN_UNREACHABLE_CODE = YES;
				CLANG_WARN__DUPLICATE_METHOD_MATCH = YES;
				COPY_PHASE_STRIP = NO;
				DEBUG_INFORMATION_FORMAT = "dwarf-with-dsym";
				ENABLE_NS_ASSERTIONS = NO;
				ENABLE_STRICT_OBJC_MSGSEND = YES;
				ENABLE_USER_SCRIPT_SANDBOXING = YES;
				GCC_C_LANGUAGE_STANDARD = gnu17;
				GCC_NO_COMMON_BLOCKS = YES;
				GCC_WARN_64_TO_32_BIT_CONVERSION = YES;
				GCC_WARN_ABOUT_RETURN_TYPE = YES_ERROR;
				GCC_WARN_UNDECLARED_SELECTOR = YES;
				GCC_WARN_UNINITIALIZED_AUTOS = YES_AGGRESSIVE;
				GCC_WARN_UNUSED_FUNCTION = YES;
				GCC_WARN_UNUSED_VARIABLE = YES;
				IPHONEOS_DEPLOYMENT_TARGET = 17.2;
				LOCALIZATION_PREFERS_STRING_CATALOGS = YES;
				MTL_ENABLE_DEBUG_INFO = NO;
				MTL_FAST_MATH = YES;
				SDKROOT = iphoneos;
				SWIFT_COMPILATION_MODE = wholemodule;
				VALIDATE_PRODUCT = YES;
			};
			name = Release;
		};
		638A21A62B347C0A0027B719 /* Debug */ = {
			isa = XCBuildConfiguration;
			buildSettings = {
				ASSETCATALOG_COMPILER_APPICON_NAME = AppIcon;
				ASSETCATALOG_COMPILER_GLOBAL_ACCENT_COLOR_NAME = AccentColor;
				CODE_SIGN_IDENTITY = "Apple Development";
				CODE_SIGN_STYLE = Automatic;
				CURRENT_PROJECT_VERSION = 1;
				DEVELOPMENT_TEAM = 3GUXS6Q4R7;
				ENABLE_USER_SCRIPT_SANDBOXING = NO;
				GENERATE_INFOPLIST_FILE = YES;
				INFOPLIST_FILE = KCDragonBall/Info.plist;
				INFOPLIST_KEY_UIApplicationSupportsIndirectInputEvents = YES;
				INFOPLIST_KEY_UILaunchStoryboardName = LaunchScreen;
				INFOPLIST_KEY_UISupportedInterfaceOrientations_iPad = "UIInterfaceOrientationPortrait UIInterfaceOrientationPortraitUpsideDown UIInterfaceOrientationLandscapeLeft UIInterfaceOrientationLandscapeRight";
				INFOPLIST_KEY_UISupportedInterfaceOrientations_iPhone = "UIInterfaceOrientationPortrait UIInterfaceOrientationLandscapeLeft UIInterfaceOrientationLandscapeRight";
				LD_RUNPATH_SEARCH_PATHS = (
					"$(inherited)",
					"@executable_path/Frameworks",
				);
				MARKETING_VERSION = 1.0;
				PRODUCT_BUNDLE_IDENTIFIER = com.davidortega.KCDragonBall;
				PRODUCT_NAME = "$(TARGET_NAME)";
				PROVISIONING_PROFILE_SPECIFIER = "";
				SWIFT_EMIT_LOC_STRINGS = YES;
				SWIFT_VERSION = 5.0;
				TARGETED_DEVICE_FAMILY = "1,2";
			};
			name = Debug;
		};
		638A21A72B347C0A0027B719 /* Release */ = {
			isa = XCBuildConfiguration;
			buildSettings = {
				ASSETCATALOG_COMPILER_APPICON_NAME = AppIcon;
				ASSETCATALOG_COMPILER_GLOBAL_ACCENT_COLOR_NAME = AccentColor;
				CODE_SIGN_IDENTITY = "Apple Development";
				CODE_SIGN_STYLE = Automatic;
				CURRENT_PROJECT_VERSION = 1;
				DEVELOPMENT_TEAM = 3GUXS6Q4R7;
				ENABLE_USER_SCRIPT_SANDBOXING = NO;
				GENERATE_INFOPLIST_FILE = YES;
				INFOPLIST_FILE = KCDragonBall/Info.plist;
				INFOPLIST_KEY_UIApplicationSupportsIndirectInputEvents = YES;
				INFOPLIST_KEY_UILaunchStoryboardName = LaunchScreen;
				INFOPLIST_KEY_UISupportedInterfaceOrientations_iPad = "UIInterfaceOrientationPortrait UIInterfaceOrientationPortraitUpsideDown UIInterfaceOrientationLandscapeLeft UIInterfaceOrientationLandscapeRight";
				INFOPLIST_KEY_UISupportedInterfaceOrientations_iPhone = "UIInterfaceOrientationPortrait UIInterfaceOrientationLandscapeLeft UIInterfaceOrientationLandscapeRight";
				LD_RUNPATH_SEARCH_PATHS = (
					"$(inherited)",
					"@executable_path/Frameworks",
				);
				MARKETING_VERSION = 1.0;
				PRODUCT_BUNDLE_IDENTIFIER = com.davidortega.KCDragonBall;
				PRODUCT_NAME = "$(TARGET_NAME)";
				PROVISIONING_PROFILE_SPECIFIER = "";
				SWIFT_EMIT_LOC_STRINGS = YES;
				SWIFT_VERSION = 5.0;
				TARGETED_DEVICE_FAMILY = "1,2";
			};
			name = Release;
		};
		638A21A92B347C0A0027B719 /* Debug */ = {
			isa = XCBuildConfiguration;
			buildSettings = {
				ALWAYS_EMBED_SWIFT_STANDARD_LIBRARIES = YES;
				BUNDLE_LOADER = "$(TEST_HOST)";
				CODE_SIGN_STYLE = Automatic;
				CURRENT_PROJECT_VERSION = 1;
				DEVELOPMENT_TEAM = 3GUXS6Q4R7;
				GENERATE_INFOPLIST_FILE = YES;
				IPHONEOS_DEPLOYMENT_TARGET = 17.2;
				MARKETING_VERSION = 1.0;
				PRODUCT_BUNDLE_IDENTIFIER = com.davidortega.KCDragonBallTests;
				PRODUCT_NAME = "$(TARGET_NAME)";
				SWIFT_EMIT_LOC_STRINGS = NO;
				SWIFT_VERSION = 5.0;
				TARGETED_DEVICE_FAMILY = "1,2";
				TEST_HOST = "$(BUILT_PRODUCTS_DIR)/KCDragonBall.app/$(BUNDLE_EXECUTABLE_FOLDER_PATH)/KCDragonBall";
			};
			name = Debug;
		};
		638A21AA2B347C0A0027B719 /* Release */ = {
			isa = XCBuildConfiguration;
			buildSettings = {
				ALWAYS_EMBED_SWIFT_STANDARD_LIBRARIES = YES;
				BUNDLE_LOADER = "$(TEST_HOST)";
				CODE_SIGN_STYLE = Automatic;
				CURRENT_PROJECT_VERSION = 1;
				DEVELOPMENT_TEAM = 3GUXS6Q4R7;
				GENERATE_INFOPLIST_FILE = YES;
				IPHONEOS_DEPLOYMENT_TARGET = 17.2;
				MARKETING_VERSION = 1.0;
				PRODUCT_BUNDLE_IDENTIFIER = com.davidortega.KCDragonBallTests;
				PRODUCT_NAME = "$(TARGET_NAME)";
				SWIFT_EMIT_LOC_STRINGS = NO;
				SWIFT_VERSION = 5.0;
				TARGETED_DEVICE_FAMILY = "1,2";
				TEST_HOST = "$(BUILT_PRODUCTS_DIR)/KCDragonBall.app/$(BUNDLE_EXECUTABLE_FOLDER_PATH)/KCDragonBall";
			};
			name = Release;
		};
		638A21AC2B347C0A0027B719 /* Debug */ = {
			isa = XCBuildConfiguration;
			buildSettings = {
				ALWAYS_EMBED_SWIFT_STANDARD_LIBRARIES = YES;
				CODE_SIGN_STYLE = Automatic;
				CURRENT_PROJECT_VERSION = 1;
				DEVELOPMENT_TEAM = 3GUXS6Q4R7;
				GENERATE_INFOPLIST_FILE = YES;
				MARKETING_VERSION = 1.0;
				PRODUCT_BUNDLE_IDENTIFIER = com.davidortega.KCDragonBallUITests;
				PRODUCT_NAME = "$(TARGET_NAME)";
				SWIFT_EMIT_LOC_STRINGS = NO;
				SWIFT_VERSION = 5.0;
				TARGETED_DEVICE_FAMILY = "1,2";
				TEST_TARGET_NAME = KCDragonBall;
			};
			name = Debug;
		};
		638A21AD2B347C0A0027B719 /* Release */ = {
			isa = XCBuildConfiguration;
			buildSettings = {
				ALWAYS_EMBED_SWIFT_STANDARD_LIBRARIES = YES;
				CODE_SIGN_STYLE = Automatic;
				CURRENT_PROJECT_VERSION = 1;
				DEVELOPMENT_TEAM = 3GUXS6Q4R7;
				GENERATE_INFOPLIST_FILE = YES;
				MARKETING_VERSION = 1.0;
				PRODUCT_BUNDLE_IDENTIFIER = com.davidortega.KCDragonBallUITests;
				PRODUCT_NAME = "$(TARGET_NAME)";
				SWIFT_EMIT_LOC_STRINGS = NO;
				SWIFT_VERSION = 5.0;
				TARGETED_DEVICE_FAMILY = "1,2";
				TEST_TARGET_NAME = KCDragonBall;
			};
			name = Release;
		};
/* End XCBuildConfiguration section */

/* Begin XCConfigurationList section */
		638A21762B347C040027B719 /* Build configuration list for PBXProject "KCDragonBall" */ = {
			isa = XCConfigurationList;
			buildConfigurations = (
				638A21A32B347C0A0027B719 /* Debug */,
				638A21A42B347C0A0027B719 /* Release */,
			);
			defaultConfigurationIsVisible = 0;
			defaultConfigurationName = Release;
		};
		638A21A52B347C0A0027B719 /* Build configuration list for PBXNativeTarget "KCDragonBall" */ = {
			isa = XCConfigurationList;
			buildConfigurations = (
				638A21A62B347C0A0027B719 /* Debug */,
				638A21A72B347C0A0027B719 /* Release */,
			);
			defaultConfigurationIsVisible = 0;
			defaultConfigurationName = Release;
		};
		638A21A82B347C0A0027B719 /* Build configuration list for PBXNativeTarget "KCDragonBallTests" */ = {
			isa = XCConfigurationList;
			buildConfigurations = (
				638A21A92B347C0A0027B719 /* Debug */,
				638A21AA2B347C0A0027B719 /* Release */,
			);
			defaultConfigurationIsVisible = 0;
			defaultConfigurationName = Release;
		};
		638A21AB2B347C0A0027B719 /* Build configuration list for PBXNativeTarget "KCDragonBallUITests" */ = {
			isa = XCConfigurationList;
			buildConfigurations = (
				638A21AC2B347C0A0027B719 /* Debug */,
				638A21AD2B347C0A0027B719 /* Release */,
			);
			defaultConfigurationIsVisible = 0;
			defaultConfigurationName = Release;
		};
/* End XCConfigurationList section */
	};
	rootObject = 638A21732B347C040027B719 /* Project object */;
}
